<?xml version="1.0" encoding="utf-8"?>
<Project ToolsVersion="4.0" xmlns="http://schemas.microsoft.com/developer/msbuild/2003">
  <ItemGroup>
    <Filter Include="resource">
      <UniqueIdentifier>{b694d6fb-f16c-4d1f-af22-a6f515e38e38}</UniqueIdentifier>
    </Filter>
    <Filter Include="resource\assets">
      <UniqueIdentifier>{fc2248e7-d1cb-4fac-9e74-8af606b16cf2}</UniqueIdentifier>
    </Filter>
    <Filter Include="src">
      <UniqueIdentifier>{1a4430cf-5de0-44f2-b640-ff1ae5e436bc}</UniqueIdentifier>
    </Filter>
    <Filter Include="resource\assets\img">
      <UniqueIdentifier>{554bd096-49d7-4d2d-bb6d-be99d06992ec}</UniqueIdentifier>
    </Filter>
    <Filter Include="resource\assets\sound">
      <UniqueIdentifier>{bdd4aaf1-2e85-49de-9074-2f9570a985c2}</UniqueIdentifier>
    </Filter>
    <Filter Include="src\Ball">
      <UniqueIdentifier>{4ddd87d8-607d-4ced-ae8f-c9680447bdfc}</UniqueIdentifier>
    </Filter>
    <Filter Include="src\Player">
      <UniqueIdentifier>{0b88594b-75f6-4ad3-9918-3bb6a627ef1c}</UniqueIdentifier>
    </Filter>
    <Filter Include="src\ArkanoidGame">
      <UniqueIdentifier>{6414e2e9-8e93-4cf9-a56c-4e98e62d77ce}</UniqueIdentifier>
    </Filter>
    <Filter Include="src\Menu">
      <UniqueIdentifier>{02b04c3f-c84a-400e-848b-6dfb8b73b7b2}</UniqueIdentifier>
    </Filter>
    <Filter Include="src\Options">
      <UniqueIdentifier>{d5b2b352-e186-4d82-8f49-3f44a4862a70}</UniqueIdentifier>
    </Filter>
    <Filter Include="resource\assets\img\Kenney.nl">
      <UniqueIdentifier>{d67a1cc4-8db6-45d2-bc5d-f497fea70202}</UniqueIdentifier>
    </Filter>
    <Filter Include="resource\assets\img\Kenney.nl\png">
      <UniqueIdentifier>{069f424d-3f4f-4085-89b4-0bcad55b7b1a}</UniqueIdentifier>
    </Filter>
    <Filter Include="src\Game">
      <UniqueIdentifier>{c49cc522-7582-4fb8-a9bd-4b24d13b8da2}</UniqueIdentifier>
    </Filter>
    <Filter Include="src\Level">
      <UniqueIdentifier>{b78303da-9aa1-46ef-bedc-8b3b9edec6b4}</UniqueIdentifier>
    </Filter>
    <Filter Include="src\gameScreen">
      <UniqueIdentifier>{ba85285f-c9f1-4a43-8662-4b8992458ceb}</UniqueIdentifier>
    </Filter>
    <Filter Include="src\Bar">
      <UniqueIdentifier>{21a93be1-fd37-49d7-9689-767de28b07dd}</UniqueIdentifier>
    </Filter>
    <Filter Include="src\Credits">
      <UniqueIdentifier>{c27eee2e-e3d9-45e3-bd4d-0f3ad514036f}</UniqueIdentifier>
    </Filter>
  </ItemGroup>
  <ItemGroup>
    <ClCompile Include="..\src\main.cpp">
      <Filter>src</Filter>
    </ClCompile>
    <ClCompile Include="..\src\ball\ball.cpp">
      <Filter>src\Ball</Filter>
    </ClCompile>
    <ClCompile Include="..\src\Player\Player.cpp">
      <Filter>src\Player</Filter>
    </ClCompile>
    <ClCompile Include="..\src\ArkanoidGame\arkanoid_game.cpp">
      <Filter>src\ArkanoidGame</Filter>
    </ClCompile>
    <ClCompile Include="..\src\Menu\menu.cpp">
      <Filter>src\Menu</Filter>
    </ClCompile>
    <ClCompile Include="..\src\Options\options.cpp">
      <Filter>src\Options</Filter>
    </ClCompile>
    <ClCompile Include="..\src\Game\Game.cpp">
      <Filter>src\Game</Filter>
    </ClCompile>
    <ClCompile Include="..\src\Level\Level.cpp">
      <Filter>src\Level</Filter>
    </ClCompile>
    <ClCompile Include="..\src\Bar\Bar.cpp">
      <Filter>src\Bar</Filter>
    </ClCompile>
    <ClCompile Include="..\src\Credits\Credits.cpp">
      <Filter>src\Credits</Filter>
    </ClCompile>
  </ItemGroup>
  <ItemGroup>
    <ClInclude Include="..\src\ball\ball.h">
      <Filter>src\Ball</Filter>
    </ClInclude>
    <ClInclude Include="..\src\Player\Player.h">
      <Filter>src\Player</Filter>
    </ClInclude>
    <ClInclude Include="..\src\ArkanoidGame\arkanoid_game.h">
      <Filter>src\ArkanoidGame</Filter>
    </ClInclude>
    <ClInclude Include="..\src\Menu\menu.h">
      <Filter>src\Menu</Filter>
    </ClInclude>
    <ClInclude Include="..\src\Options\options.h">
      <Filter>src\Options</Filter>
    </ClInclude>
    <ClInclude Include="..\src\Game\Game.h">
      <Filter>src\Game</Filter>
    </ClInclude>
    <ClInclude Include="..\src\Level\Level.h">
      <Filter>src\Level</Filter>
    </ClInclude>
    <ClInclude Include="..\src\gameScreen\GameScreen.h">
      <Filter>src\gameScreen</Filter>
    </ClInclude>
    <ClInclude Include="..\src\Bar\Bar.h">
      <Filter>src\Bar</Filter>
    </ClInclude>
    <ClInclude Include="..\src\Credits\Credits.h">
      <Filter>src\Credits</Filter>
    </ClInclude>
  </ItemGroup>
  <ItemGroup>
    <Image Include="..\resource\assets\img\0.png">
      <Filter>resource\assets\img</Filter>
    </Image>
    <Image Include="..\resource\assets\img\10.png">
      <Filter>resource\assets\img</Filter>
    </Image>
    <Image Include="..\resource\assets\img\20.png">
      <Filter>resource\assets\img</Filter>
    </Image>
    <Image Include="..\resource\assets\img\30.png">
      <Filter>resource\assets\img</Filter>
    </Image>
    <Image Include="..\resource\assets\img\40.png">
      <Filter>resource\assets\img</Filter>
    </Image>
    <Image Include="..\resource\assets\img\50.png">
      <Filter>resource\assets\img</Filter>
    </Image>
    <Image Include="..\resource\assets\img\60.png">
      <Filter>resource\assets\img</Filter>
    </Image>
    <Image Include="..\resource\assets\img\70.png">
      <Filter>resource\assets\img</Filter>
    </Image>
    <Image Include="..\resource\assets\img\80.png">
      <Filter>resource\assets\img</Filter>
    </Image>
    <Image Include="..\resource\assets\img\90.png">
      <Filter>resource\assets\img</Filter>
    </Image>
    <Image Include="..\resource\assets\img\100.png">
      <Filter>resource\assets\img</Filter>
    </Image>
    <Image Include="..\resource\assets\img\B.png">
      <Filter>resource\assets\img</Filter>
    </Image>
    <Image Include="..\resource\assets\img\Back.png">
      <Filter>resource\assets\img</Filter>
    </Image>
    <Image Include="..\resource\assets\img\Exit.png">
      <Filter>resource\assets\img</Filter>
    </Image>
    <Image Include="..\resource\assets\img\G.png">
      <Filter>resource\assets\img</Filter>
    </Image>
    <Image Include="..\resource\assets\img\Play.png">
      <Filter>resource\assets\img</Filter>
    </Image>
    <Image Include="..\resource\assets\img\R.png">
      <Filter>resource\assets\img</Filter>
    </Image>
    <Image Include="..\resource\assets\img\RGB.png">
      <Filter>resource\assets\img</Filter>
    </Image>
    <Image Include="..\resource\assets\img\Title.png">
      <Filter>resource\assets\img</Filter>
    </Image>
    <Image Include="..\resource\assets\img\Kenney.nl\png\ballGrey.png">
      <Filter>resource\assets\img\Kenney.nl\png</Filter>
    </Image>
    <Image Include="..\resource\assets\img\Kenney.nl\png\element_grey_diamond_glossy.png">
      <Filter>resource\assets\img\Kenney.nl\png</Filter>
    </Image>
    <Image Include="..\resource\assets\img\Kenney.nl\png\Player.png">
      <Filter>resource\assets\img\Kenney.nl\png</Filter>
    </Image>
    <Image Include="..\resource\assets\img\Kenney.nl\png\bar.png">
      <Filter>resource\assets\img\Kenney.nl\png</Filter>
    </Image>
  </ItemGroup>
  <ItemGroup>
    <Text Include="..\resource\assets\img\Kenney.nl\readme.txt">
      <Filter>resource\assets\img\Kenney.nl</Filter>
    </Text>
  </ItemGroup>
</Project>