<?xml version="1.0" encoding="utf-8"?>
<Project ToolsVersion="4.0" xmlns="http://schemas.microsoft.com/developer/msbuild/2003">
  <ItemGroup>
    <Filter Include="resource">
      <UniqueIdentifier>{b694d6fb-f16c-4d1f-af22-a6f515e38e38}</UniqueIdentifier>
    </Filter>
    <Filter Include="resource\assets">
      <UniqueIdentifier>{fc2248e7-d1cb-4fac-9e74-8af606b16cf2}</UniqueIdentifier>
    </Filter>
    <Filter Include="src">
      <UniqueIdentifier>{1a4430cf-5de0-44f2-b640-ff1ae5e436bc}</UniqueIdentifier>
    </Filter>
    <Filter Include="resource\assets\img">
      <UniqueIdentifier>{554bd096-49d7-4d2d-bb6d-be99d06992ec}</UniqueIdentifier>
    </Filter>
    <Filter Include="resource\assets\sound">
      <UniqueIdentifier>{bdd4aaf1-2e85-49de-9074-2f9570a985c2}</UniqueIdentifier>
    </Filter>
    <Filter Include="src\Ball">
      <UniqueIdentifier>{4ddd87d8-607d-4ced-ae8f-c9680447bdfc}</UniqueIdentifier>
    </Filter>
    <Filter Include="src\Player">
      <UniqueIdentifier>{0b88594b-75f6-4ad3-9918-3bb6a627ef1c}</UniqueIdentifier>
    </Filter>
    <Filter Include="src\ArkanoidGame">
      <UniqueIdentifier>{6414e2e9-8e93-4cf9-a56c-4e98e62d77ce}</UniqueIdentifier>
    </Filter>
    <Filter Include="src\Menu">
      <UniqueIdentifier>{02b04c3f-c84a-400e-848b-6dfb8b73b7b2}</UniqueIdentifier>
    </Filter>
  </ItemGroup>
  <ItemGroup>
    <ClCompile Include="..\src\main.cpp">
      <Filter>src</Filter>
    </ClCompile>
    <ClCompile Include="..\src\ball\ball.cpp">
      <Filter>src\Ball</Filter>
    </ClCompile>
    <ClCompile Include="..\src\Player\Player.cpp">
      <Filter>src\Player</Filter>
    </ClCompile>
    <ClCompile Include="..\src\ArkanoidGame\arkanoid_game.cpp">
      <Filter>src\ArkanoidGame</Filter>
    </ClCompile>
    <ClCompile Include="..\src\Menu\menu.cpp">
      <Filter>src\Menu</Filter>
    </ClCompile>
  </ItemGroup>
  <ItemGroup>
    <ClInclude Include="..\src\ball\ball.h">
      <Filter>src\Ball</Filter>
    </ClInclude>
    <ClInclude Include="..\src\Player\Player.h">
      <Filter>src\Player</Filter>
    </ClInclude>
    <ClInclude Include="..\src\ArkanoidGame\arkanoid_game.h">
      <Filter>src\ArkanoidGame</Filter>
    </ClInclude>
    <ClInclude Include="..\src\Menu\menu.h">
      <Filter>src\Menu</Filter>
    </ClInclude>
  </ItemGroup>
</Project>